// !$*UTF8*$!
{
	archiveVersion = 1;
	classes = {
	};
	objectVersion = 77;
	objects = {

/* Begin PBXBuildFile section */
		01DF67E62D93505500098E72 /* README.md in Resources */ = {isa = PBXBuildFile; fileRef = 01DF67E52D93504C00098E72 /* README.md */; };
		843DA6772D7157A6004B42AD /* ItzWiz Get Heart Rate Watch App.app in Embed Watch Content */ = {isa = PBXBuildFile; fileRef = 843DA6762D7157A6004B42AD /* ItzWiz Get Heart Rate Watch App.app */; settings = {ATTRIBUTES = (RemoveHeadersOnCopy, ); }; };
/* End PBXBuildFile section */

/* Begin PBXContainerItemProxy section */
		843DA6612D7157A6004B42AD /* PBXContainerItemProxy */ = {
			isa = PBXContainerItemProxy;
			containerPortal = 843DA6482D7157A4004B42AD /* Project object */;
			proxyType = 1;
			remoteGlobalIDString = 843DA64F2D7157A4004B42AD;
			remoteInfo = "ItzWiz Get Heart Rate";
		};
		843DA66B2D7157A6004B42AD /* PBXContainerItemProxy */ = {
			isa = PBXContainerItemProxy;
			containerPortal = 843DA6482D7157A4004B42AD /* Project object */;
			proxyType = 1;
			remoteGlobalIDString = 843DA64F2D7157A4004B42AD;
			remoteInfo = "ItzWiz Get Heart Rate";
		};
		843DA6782D7157A6004B42AD /* PBXContainerItemProxy */ = {
			isa = PBXContainerItemProxy;
			containerPortal = 843DA6482D7157A4004B42AD /* Project object */;
			proxyType = 1;
			remoteGlobalIDString = 843DA6752D7157A6004B42AD;
			remoteInfo = "ItzWiz Get Heart Rate Watch App";
		};
		843DA6892D7157A8004B42AD /* PBXContainerItemProxy */ = {
			isa = PBXContainerItemProxy;
			containerPortal = 843DA6482D7157A4004B42AD /* Project object */;
			proxyType = 1;
			remoteGlobalIDString = 843DA6752D7157A6004B42AD;
			remoteInfo = "ItzWiz Get Heart Rate Watch App";
		};
		843DA6932D7157A8004B42AD /* PBXContainerItemProxy */ = {
			isa = PBXContainerItemProxy;
			containerPortal = 843DA6482D7157A4004B42AD /* Project object */;
			proxyType = 1;
			remoteGlobalIDString = 843DA6752D7157A6004B42AD;
			remoteInfo = "ItzWiz Get Heart Rate Watch App";
		};
/* End PBXContainerItemProxy section */

/* Begin PBXCopyFilesBuildPhase section */
		843DA69F2D7157A8004B42AD /* Embed Watch Content */ = {
			isa = PBXCopyFilesBuildPhase;
			buildActionMask = 2147483647;
			dstPath = "$(CONTENTS_FOLDER_PATH)/Watch";
			dstSubfolderSpec = 16;
			files = (
				843DA6772D7157A6004B42AD /* ItzWiz Get Heart Rate Watch App.app in Embed Watch Content */,
			);
			name = "Embed Watch Content";
			runOnlyForDeploymentPostprocessing = 0;
		};
/* End PBXCopyFilesBuildPhase section */

/* Begin PBXFileReference section */
		01DF67E52D93504C00098E72 /* README.md */ = {isa = PBXFileReference; lastKnownFileType = net.daringfireball.markdown; path = README.md; sourceTree = "<group>"; };
		843DA6502D7157A4004B42AD /* ItzWiz Get Heart Rate.app */ = {isa = PBXFileReference; explicitFileType = wrapper.application; includeInIndex = 0; path = "ItzWiz Get Heart Rate.app"; sourceTree = BUILT_PRODUCTS_DIR; };
		843DA6602D7157A6004B42AD /* ItzWiz Get Heart RateTests.xctest */ = {isa = PBXFileReference; explicitFileType = wrapper.cfbundle; includeInIndex = 0; path = "ItzWiz Get Heart RateTests.xctest"; sourceTree = BUILT_PRODUCTS_DIR; };
		843DA66A2D7157A6004B42AD /* ItzWiz Get Heart RateUITests.xctest */ = {isa = PBXFileReference; explicitFileType = wrapper.cfbundle; includeInIndex = 0; path = "ItzWiz Get Heart RateUITests.xctest"; sourceTree = BUILT_PRODUCTS_DIR; };
		843DA6762D7157A6004B42AD /* ItzWiz Get Heart Rate Watch App.app */ = {isa = PBXFileReference; explicitFileType = wrapper.application; includeInIndex = 0; path = "ItzWiz Get Heart Rate Watch App.app"; sourceTree = BUILT_PRODUCTS_DIR; };
		843DA6882D7157A8004B42AD /* ItzWiz Get Heart Rate Watch AppTests.xctest */ = {isa = PBXFileReference; explicitFileType = wrapper.cfbundle; includeInIndex = 0; path = "ItzWiz Get Heart Rate Watch AppTests.xctest"; sourceTree = BUILT_PRODUCTS_DIR; };
		843DA6922D7157A8004B42AD /* ItzWiz Get Heart Rate Watch AppUITests.xctest */ = {isa = PBXFileReference; explicitFileType = wrapper.cfbundle; includeInIndex = 0; path = "ItzWiz Get Heart Rate Watch AppUITests.xctest"; sourceTree = BUILT_PRODUCTS_DIR; };
/* End PBXFileReference section */

/* Begin PBXFileSystemSynchronizedRootGroup section */
		843DA6522D7157A4004B42AD /* ItzWiz Get Heart Rate */ = {
			isa = PBXFileSystemSynchronizedRootGroup;
			path = "ItzWiz Get Heart Rate";
			sourceTree = "<group>";
		};
		843DA6632D7157A6004B42AD /* ItzWiz Get Heart RateTests */ = {
			isa = PBXFileSystemSynchronizedRootGroup;
			path = "ItzWiz Get Heart RateTests";
			sourceTree = "<group>";
		};
		843DA66D2D7157A6004B42AD /* ItzWiz Get Heart RateUITests */ = {
			isa = PBXFileSystemSynchronizedRootGroup;
			path = "ItzWiz Get Heart RateUITests";
			sourceTree = "<group>";
		};
		843DA67A2D7157A6004B42AD /* ItzWiz Get Heart Rate Watch App */ = {
			isa = PBXFileSystemSynchronizedRootGroup;
			path = "ItzWiz Get Heart Rate Watch App";
			sourceTree = "<group>";
		};
		843DA68B2D7157A8004B42AD /* ItzWiz Get Heart Rate Watch AppTests */ = {
			isa = PBXFileSystemSynchronizedRootGroup;
			path = "ItzWiz Get Heart Rate Watch AppTests";
			sourceTree = "<group>";
		};
		843DA6952D7157A8004B42AD /* ItzWiz Get Heart Rate Watch AppUITests */ = {
			isa = PBXFileSystemSynchronizedRootGroup;
			path = "ItzWiz Get Heart Rate Watch AppUITests";
			sourceTree = "<group>";
		};
/* End PBXFileSystemSynchronizedRootGroup section */

/* Begin PBXFrameworksBuildPhase section */
		843DA64D2D7157A4004B42AD /* Frameworks */ = {
			isa = PBXFrameworksBuildPhase;
			buildActionMask = 2147483647;
			files = (
			);
			runOnlyForDeploymentPostprocessing = 0;
		};
		843DA65D2D7157A6004B42AD /* Frameworks */ = {
			isa = PBXFrameworksBuildPhase;
			buildActionMask = 2147483647;
			files = (
			);
			runOnlyForDeploymentPostprocessing = 0;
		};
		843DA6672D7157A6004B42AD /* Frameworks */ = {
			isa = PBXFrameworksBuildPhase;
			buildActionMask = 2147483647;
			files = (
			);
			runOnlyForDeploymentPostprocessing = 0;
		};
		843DA6732D7157A6004B42AD /* Frameworks */ = {
			isa = PBXFrameworksBuildPhase;
			buildActionMask = 2147483647;
			files = (
			);
			runOnlyForDeploymentPostprocessing = 0;
		};
		843DA6852D7157A8004B42AD /* Frameworks */ = {
			isa = PBXFrameworksBuildPhase;
			buildActionMask = 2147483647;
			files = (
			);
			runOnlyForDeploymentPostprocessing = 0;
		};
		843DA68F2D7157A8004B42AD /* Frameworks */ = {
			isa = PBXFrameworksBuildPhase;
			buildActionMask = 2147483647;
			files = (
			);
			runOnlyForDeploymentPostprocessing = 0;
		};
/* End PBXFrameworksBuildPhase section */

/* Begin PBXGroup section */
		843DA6472D7157A4004B42AD = {
			isa = PBXGroup;
			children = (
				01DF67E52D93504C00098E72 /* README.md */,
				843DA6522D7157A4004B42AD /* ItzWiz Get Heart Rate */,
				843DA6632D7157A6004B42AD /* ItzWiz Get Heart RateTests */,
				843DA66D2D7157A6004B42AD /* ItzWiz Get Heart RateUITests */,
				843DA67A2D7157A6004B42AD /* ItzWiz Get Heart Rate Watch App */,
				843DA68B2D7157A8004B42AD /* ItzWiz Get Heart Rate Watch AppTests */,
				843DA6952D7157A8004B42AD /* ItzWiz Get Heart Rate Watch AppUITests */,
				843DA6512D7157A4004B42AD /* Products */,
			);
			sourceTree = "<group>";
		};
		843DA6512D7157A4004B42AD /* Products */ = {
			isa = PBXGroup;
			children = (
				843DA6502D7157A4004B42AD /* ItzWiz Get Heart Rate.app */,
				843DA6602D7157A6004B42AD /* ItzWiz Get Heart RateTests.xctest */,
				843DA66A2D7157A6004B42AD /* ItzWiz Get Heart RateUITests.xctest */,
				843DA6762D7157A6004B42AD /* ItzWiz Get Heart Rate Watch App.app */,
				843DA6882D7157A8004B42AD /* ItzWiz Get Heart Rate Watch AppTests.xctest */,
				843DA6922D7157A8004B42AD /* ItzWiz Get Heart Rate Watch AppUITests.xctest */,
			);
			name = Products;
			sourceTree = "<group>";
		};
/* End PBXGroup section */

/* Begin PBXNativeTarget section */
		843DA64F2D7157A4004B42AD /* ItzWiz Get Heart Rate */ = {
			isa = PBXNativeTarget;
			buildConfigurationList = 843DA6A02D7157A8004B42AD /* Build configuration list for PBXNativeTarget "ItzWiz Get Heart Rate" */;
			buildPhases = (
				843DA64C2D7157A4004B42AD /* Sources */,
				843DA64D2D7157A4004B42AD /* Frameworks */,
				843DA64E2D7157A4004B42AD /* Resources */,
				843DA69F2D7157A8004B42AD /* Embed Watch Content */,
			);
			buildRules = (
			);
			dependencies = (
				843DA6792D7157A6004B42AD /* PBXTargetDependency */,
			);
			fileSystemSynchronizedGroups = (
				843DA6522D7157A4004B42AD /* ItzWiz Get Heart Rate */,
			);
			name = "ItzWiz Get Heart Rate";
			packageProductDependencies = (
			);
			productName = "ItzWiz Get Heart Rate";
			productReference = 843DA6502D7157A4004B42AD /* ItzWiz Get Heart Rate.app */;
			productType = "com.apple.product-type.application";
		};
		843DA65F2D7157A6004B42AD /* ItzWiz Get Heart RateTests */ = {
			isa = PBXNativeTarget;
			buildConfigurationList = 843DA6A32D7157A8004B42AD /* Build configuration list for PBXNativeTarget "ItzWiz Get Heart RateTests" */;
			buildPhases = (
				843DA65C2D7157A6004B42AD /* Sources */,
				843DA65D2D7157A6004B42AD /* Frameworks */,
				843DA65E2D7157A6004B42AD /* Resources */,
			);
			buildRules = (
			);
			dependencies = (
				843DA6622D7157A6004B42AD /* PBXTargetDependency */,
			);
			fileSystemSynchronizedGroups = (
				843DA6632D7157A6004B42AD /* ItzWiz Get Heart RateTests */,
			);
			name = "ItzWiz Get Heart RateTests";
			packageProductDependencies = (
			);
			productName = "ItzWiz Get Heart RateTests";
			productReference = 843DA6602D7157A6004B42AD /* ItzWiz Get Heart RateTests.xctest */;
			productType = "com.apple.product-type.bundle.unit-test";
		};
		843DA6692D7157A6004B42AD /* ItzWiz Get Heart RateUITests */ = {
			isa = PBXNativeTarget;
			buildConfigurationList = 843DA6A62D7157A8004B42AD /* Build configuration list for PBXNativeTarget "ItzWiz Get Heart RateUITests" */;
			buildPhases = (
				843DA6662D7157A6004B42AD /* Sources */,
				843DA6672D7157A6004B42AD /* Frameworks */,
				843DA6682D7157A6004B42AD /* Resources */,
			);
			buildRules = (
			);
			dependencies = (
				843DA66C2D7157A6004B42AD /* PBXTargetDependency */,
			);
			fileSystemSynchronizedGroups = (
				843DA66D2D7157A6004B42AD /* ItzWiz Get Heart RateUITests */,
			);
			name = "ItzWiz Get Heart RateUITests";
			packageProductDependencies = (
			);
			productName = "ItzWiz Get Heart RateUITests";
			productReference = 843DA66A2D7157A6004B42AD /* ItzWiz Get Heart RateUITests.xctest */;
			productType = "com.apple.product-type.bundle.ui-testing";
		};
		843DA6752D7157A6004B42AD /* ItzWiz Get Heart Rate Watch App */ = {
			isa = PBXNativeTarget;
			buildConfigurationList = 843DA69C2D7157A8004B42AD /* Build configuration list for PBXNativeTarget "ItzWiz Get Heart Rate Watch App" */;
			buildPhases = (
				843DA6722D7157A6004B42AD /* Sources */,
				843DA6732D7157A6004B42AD /* Frameworks */,
				843DA6742D7157A6004B42AD /* Resources */,
			);
			buildRules = (
			);
			dependencies = (
			);
			fileSystemSynchronizedGroups = (
				843DA67A2D7157A6004B42AD /* ItzWiz Get Heart Rate Watch App */,
			);
			name = "ItzWiz Get Heart Rate Watch App";
			packageProductDependencies = (
			);
			productName = "ItzWiz Get Heart Rate Watch App";
			productReference = 843DA6762D7157A6004B42AD /* ItzWiz Get Heart Rate Watch App.app */;
			productType = "com.apple.product-type.application";
		};
		843DA6872D7157A8004B42AD /* ItzWiz Get Heart Rate Watch AppTests */ = {
			isa = PBXNativeTarget;
			buildConfigurationList = 843DA6A92D7157A8004B42AD /* Build configuration list for PBXNativeTarget "ItzWiz Get Heart Rate Watch AppTests" */;
			buildPhases = (
				843DA6842D7157A8004B42AD /* Sources */,
				843DA6852D7157A8004B42AD /* Frameworks */,
				843DA6862D7157A8004B42AD /* Resources */,
			);
			buildRules = (
			);
			dependencies = (
				843DA68A2D7157A8004B42AD /* PBXTargetDependency */,
			);
			fileSystemSynchronizedGroups = (
				843DA68B2D7157A8004B42AD /* ItzWiz Get Heart Rate Watch AppTests */,
			);
			name = "ItzWiz Get Heart Rate Watch AppTests";
			packageProductDependencies = (
			);
			productName = "ItzWiz Get Heart Rate Watch AppTests";
			productReference = 843DA6882D7157A8004B42AD /* ItzWiz Get Heart Rate Watch AppTests.xctest */;
			productType = "com.apple.product-type.bundle.unit-test";
		};
		843DA6912D7157A8004B42AD /* ItzWiz Get Heart Rate Watch AppUITests */ = {
			isa = PBXNativeTarget;
			buildConfigurationList = 843DA6AC2D7157A8004B42AD /* Build configuration list for PBXNativeTarget "ItzWiz Get Heart Rate Watch AppUITests" */;
			buildPhases = (
				843DA68E2D7157A8004B42AD /* Sources */,
				843DA68F2D7157A8004B42AD /* Frameworks */,
				843DA6902D7157A8004B42AD /* Resources */,
			);
			buildRules = (
			);
			dependencies = (
				843DA6942D7157A8004B42AD /* PBXTargetDependency */,
			);
			fileSystemSynchronizedGroups = (
				843DA6952D7157A8004B42AD /* ItzWiz Get Heart Rate Watch AppUITests */,
			);
			name = "ItzWiz Get Heart Rate Watch AppUITests";
			packageProductDependencies = (
			);
			productName = "ItzWiz Get Heart Rate Watch AppUITests";
			productReference = 843DA6922D7157A8004B42AD /* ItzWiz Get Heart Rate Watch AppUITests.xctest */;
			productType = "com.apple.product-type.bundle.ui-testing";
		};
/* End PBXNativeTarget section */

/* Begin PBXProject section */
		843DA6482D7157A4004B42AD /* Project object */ = {
			isa = PBXProject;
			attributes = {
				BuildIndependentTargetsInParallel = 1;
				LastSwiftUpdateCheck = 1620;
				LastUpgradeCheck = 1620;
				TargetAttributes = {
					843DA64F2D7157A4004B42AD = {
						CreatedOnToolsVersion = 16.2;
					};
					843DA65F2D7157A6004B42AD = {
						CreatedOnToolsVersion = 16.2;
						TestTargetID = 843DA64F2D7157A4004B42AD;
					};
					843DA6692D7157A6004B42AD = {
						CreatedOnToolsVersion = 16.2;
						TestTargetID = 843DA64F2D7157A4004B42AD;
					};
					843DA6752D7157A6004B42AD = {
						CreatedOnToolsVersion = 16.2;
					};
					843DA6872D7157A8004B42AD = {
						CreatedOnToolsVersion = 16.2;
						TestTargetID = 843DA6752D7157A6004B42AD;
					};
					843DA6912D7157A8004B42AD = {
						CreatedOnToolsVersion = 16.2;
						TestTargetID = 843DA6752D7157A6004B42AD;
					};
				};
			};
			buildConfigurationList = 843DA64B2D7157A4004B42AD /* Build configuration list for PBXProject "ItzWiz Get Heart Rate" */;
			developmentRegion = en;
			hasScannedForEncodings = 0;
			knownRegions = (
				en,
				Base,
			);
			mainGroup = 843DA6472D7157A4004B42AD;
			minimizedProjectReferenceProxies = 1;
			preferredProjectObjectVersion = 77;
			productRefGroup = 843DA6512D7157A4004B42AD /* Products */;
			projectDirPath = "";
			projectRoot = "";
			targets = (
				843DA64F2D7157A4004B42AD /* ItzWiz Get Heart Rate */,
				843DA65F2D7157A6004B42AD /* ItzWiz Get Heart RateTests */,
				843DA6692D7157A6004B42AD /* ItzWiz Get Heart RateUITests */,
				843DA6752D7157A6004B42AD /* ItzWiz Get Heart Rate Watch App */,
				843DA6872D7157A8004B42AD /* ItzWiz Get Heart Rate Watch AppTests */,
				843DA6912D7157A8004B42AD /* ItzWiz Get Heart Rate Watch AppUITests */,
			);
		};
/* End PBXProject section */

/* Begin PBXResourcesBuildPhase section */
		843DA64E2D7157A4004B42AD /* Resources */ = {
			isa = PBXResourcesBuildPhase;
			buildActionMask = 2147483647;
			files = (
				01DF67E62D93505500098E72 /* README.md in Resources */,
			);
			runOnlyForDeploymentPostprocessing = 0;
		};
		843DA65E2D7157A6004B42AD /* Resources */ = {
			isa = PBXResourcesBuildPhase;
			buildActionMask = 2147483647;
			files = (
			);
			runOnlyForDeploymentPostprocessing = 0;
		};
		843DA6682D7157A6004B42AD /* Resources */ = {
			isa = PBXResourcesBuildPhase;
			buildActionMask = 2147483647;
			files = (
			);
			runOnlyForDeploymentPostprocessing = 0;
		};
		843DA6742D7157A6004B42AD /* Resources */ = {
			isa = PBXResourcesBuildPhase;
			buildActionMask = 2147483647;
			files = (
			);
			runOnlyForDeploymentPostprocessing = 0;
		};
		843DA6862D7157A8004B42AD /* Resources */ = {
			isa = PBXResourcesBuildPhase;
			buildActionMask = 2147483647;
			files = (
			);
			runOnlyForDeploymentPostprocessing = 0;
		};
		843DA6902D7157A8004B42AD /* Resources */ = {
			isa = PBXResourcesBuildPhase;
			buildActionMask = 2147483647;
			files = (
			);
			runOnlyForDeploymentPostprocessing = 0;
		};
/* End PBXResourcesBuildPhase section */

/* Begin PBXSourcesBuildPhase section */
		843DA64C2D7157A4004B42AD /* Sources */ = {
			isa = PBXSourcesBuildPhase;
			buildActionMask = 2147483647;
			files = (
			);
			runOnlyForDeploymentPostprocessing = 0;
		};
		843DA65C2D7157A6004B42AD /* Sources */ = {
			isa = PBXSourcesBuildPhase;
			buildActionMask = 2147483647;
			files = (
			);
			runOnlyForDeploymentPostprocessing = 0;
		};
		843DA6662D7157A6004B42AD /* Sources */ = {
			isa = PBXSourcesBuildPhase;
			buildActionMask = 2147483647;
			files = (
			);
			runOnlyForDeploymentPostprocessing = 0;
		};
		843DA6722D7157A6004B42AD /* Sources */ = {
			isa = PBXSourcesBuildPhase;
			buildActionMask = 2147483647;
			files = (
			);
			runOnlyForDeploymentPostprocessing = 0;
		};
		843DA6842D7157A8004B42AD /* Sources */ = {
			isa = PBXSourcesBuildPhase;
			buildActionMask = 2147483647;
			files = (
			);
			runOnlyForDeploymentPostprocessing = 0;
		};
		843DA68E2D7157A8004B42AD /* Sources */ = {
			isa = PBXSourcesBuildPhase;
			buildActionMask = 2147483647;
			files = (
			);
			runOnlyForDeploymentPostprocessing = 0;
		};
/* End PBXSourcesBuildPhase section */

/* Begin PBXTargetDependency section */
		843DA6622D7157A6004B42AD /* PBXTargetDependency */ = {
			isa = PBXTargetDependency;
			target = 843DA64F2D7157A4004B42AD /* ItzWiz Get Heart Rate */;
			targetProxy = 843DA6612D7157A6004B42AD /* PBXContainerItemProxy */;
		};
		843DA66C2D7157A6004B42AD /* PBXTargetDependency */ = {
			isa = PBXTargetDependency;
			target = 843DA64F2D7157A4004B42AD /* ItzWiz Get Heart Rate */;
			targetProxy = 843DA66B2D7157A6004B42AD /* PBXContainerItemProxy */;
		};
		843DA6792D7157A6004B42AD /* PBXTargetDependency */ = {
			isa = PBXTargetDependency;
			target = 843DA6752D7157A6004B42AD /* ItzWiz Get Heart Rate Watch App */;
			targetProxy = 843DA6782D7157A6004B42AD /* PBXContainerItemProxy */;
		};
		843DA68A2D7157A8004B42AD /* PBXTargetDependency */ = {
			isa = PBXTargetDependency;
			target = 843DA6752D7157A6004B42AD /* ItzWiz Get Heart Rate Watch App */;
			targetProxy = 843DA6892D7157A8004B42AD /* PBXContainerItemProxy */;
		};
		843DA6942D7157A8004B42AD /* PBXTargetDependency */ = {
			isa = PBXTargetDependency;
			target = 843DA6752D7157A6004B42AD /* ItzWiz Get Heart Rate Watch App */;
			targetProxy = 843DA6932D7157A8004B42AD /* PBXContainerItemProxy */;
		};
/* End PBXTargetDependency section */

/* Begin XCBuildConfiguration section */
		843DA69A2D7157A8004B42AD /* Debug */ = {
			isa = XCBuildConfiguration;
			buildSettings = {
				ALWAYS_SEARCH_USER_PATHS = NO;
				ASSETCATALOG_COMPILER_GENERATE_SWIFT_ASSET_SYMBOL_EXTENSIONS = YES;
				CLANG_ANALYZER_NONNULL = YES;
				CLANG_ANALYZER_NUMBER_OBJECT_CONVERSION = YES_AGGRESSIVE;
				CLANG_CXX_LANGUAGE_STANDARD = "gnu++20";
				CLANG_ENABLE_MODULES = YES;
				CLANG_ENABLE_OBJC_ARC = YES;
				CLANG_ENABLE_OBJC_WEAK = YES;
				CLANG_WARN_BLOCK_CAPTURE_AUTORELEASING = YES;
				CLANG_WARN_BOOL_CONVERSION = YES;
				CLANG_WARN_COMMA = YES;
				CLANG_WARN_CONSTANT_CONVERSION = YES;
				CLANG_WARN_DEPRECATED_OBJC_IMPLEMENTATIONS = YES;
				CLANG_WARN_DIRECT_OBJC_ISA_USAGE = YES_ERROR;
				CLANG_WARN_DOCUMENTATION_COMMENTS = YES;
				CLANG_WARN_EMPTY_BODY = YES;
				CLANG_WARN_ENUM_CONVERSION = YES;
				CLANG_WARN_INFINITE_RECURSION = YES;
				CLANG_WARN_INT_CONVERSION = YES;
				CLANG_WARN_NON_LITERAL_NULL_CONVERSION = YES;
				CLANG_WARN_OBJC_IMPLICIT_RETAIN_SELF = YES;
				CLANG_WARN_OBJC_LITERAL_CONVERSION = YES;
				CLANG_WARN_OBJC_ROOT_CLASS = YES_ERROR;
				CLANG_WARN_QUOTED_INCLUDE_IN_FRAMEWORK_HEADER = YES;
				CLANG_WARN_RANGE_LOOP_ANALYSIS = YES;
				CLANG_WARN_STRICT_PROTOTYPES = YES;
				CLANG_WARN_SUSPICIOUS_MOVE = YES;
				CLANG_WARN_UNGUARDED_AVAILABILITY = YES_AGGRESSIVE;
				CLANG_WARN_UNREACHABLE_CODE = YES;
				CLANG_WARN__DUPLICATE_METHOD_MATCH = YES;
				COPY_PHASE_STRIP = NO;
				DEBUG_INFORMATION_FORMAT = dwarf;
				ENABLE_STRICT_OBJC_MSGSEND = YES;
				ENABLE_TESTABILITY = YES;
				ENABLE_USER_SCRIPT_SANDBOXING = YES;
				GCC_C_LANGUAGE_STANDARD = gnu17;
				GCC_DYNAMIC_NO_PIC = NO;
				GCC_NO_COMMON_BLOCKS = YES;
				GCC_OPTIMIZATION_LEVEL = 0;
				GCC_PREPROCESSOR_DEFINITIONS = (
					"DEBUG=1",
					"$(inherited)",
				);
				GCC_WARN_64_TO_32_BIT_CONVERSION = YES;
				GCC_WARN_ABOUT_RETURN_TYPE = YES_ERROR;
				GCC_WARN_UNDECLARED_SELECTOR = YES;
				GCC_WARN_UNINITIALIZED_AUTOS = YES_AGGRESSIVE;
				GCC_WARN_UNUSED_FUNCTION = YES;
				GCC_WARN_UNUSED_VARIABLE = YES;
				LOCALIZATION_PREFERS_STRING_CATALOGS = YES;
				MTL_ENABLE_DEBUG_INFO = INCLUDE_SOURCE;
				MTL_FAST_MATH = YES;
				ONLY_ACTIVE_ARCH = YES;
				SWIFT_ACTIVE_COMPILATION_CONDITIONS = "DEBUG $(inherited)";
				SWIFT_OPTIMIZATION_LEVEL = "-Onone";
			};
			name = Debug;
		};
		843DA69B2D7157A8004B42AD /* Release */ = {
			isa = XCBuildConfiguration;
			buildSettings = {
				ALWAYS_SEARCH_USER_PATHS = NO;
				ASSETCATALOG_COMPILER_GENERATE_SWIFT_ASSET_SYMBOL_EXTENSIONS = YES;
				CLANG_ANALYZER_NONNULL = YES;
				CLANG_ANALYZER_NUMBER_OBJECT_CONVERSION = YES_AGGRESSIVE;
				CLANG_CXX_LANGUAGE_STANDARD = "gnu++20";
				CLANG_ENABLE_MODULES = YES;
				CLANG_ENABLE_OBJC_ARC = YES;
				CLANG_ENABLE_OBJC_WEAK = YES;
				CLANG_WARN_BLOCK_CAPTURE_AUTORELEASING = YES;
				CLANG_WARN_BOOL_CONVERSION = YES;
				CLANG_WARN_COMMA = YES;
				CLANG_WARN_CONSTANT_CONVERSION = YES;
				CLANG_WARN_DEPRECATED_OBJC_IMPLEMENTATIONS = YES;
				CLANG_WARN_DIRECT_OBJC_ISA_USAGE = YES_ERROR;
				CLANG_WARN_DOCUMENTATION_COMMENTS = YES;
				CLANG_WARN_EMPTY_BODY = YES;
				CLANG_WARN_ENUM_CONVERSION = YES;
				CLANG_WARN_INFINITE_RECURSION = YES;
				CLANG_WARN_INT_CONVERSION = YES;
				CLANG_WARN_NON_LITERAL_NULL_CONVERSION = YES;
				CLANG_WARN_OBJC_IMPLICIT_RETAIN_SELF = YES;
				CLANG_WARN_OBJC_LITERAL_CONVERSION = YES;
				CLANG_WARN_OBJC_ROOT_CLASS = YES_ERROR;
				CLANG_WARN_QUOTED_INCLUDE_IN_FRAMEWORK_HEADER = YES;
				CLANG_WARN_RANGE_LOOP_ANALYSIS = YES;
				CLANG_WARN_STRICT_PROTOTYPES = YES;
				CLANG_WARN_SUSPICIOUS_MOVE = YES;
				CLANG_WARN_UNGUARDED_AVAILABILITY = YES_AGGRESSIVE;
				CLANG_WARN_UNREACHABLE_CODE = YES;
				CLANG_WARN__DUPLICATE_METHOD_MATCH = YES;
				COPY_PHASE_STRIP = NO;
				DEBUG_INFORMATION_FORMAT = "dwarf-with-dsym";
				ENABLE_NS_ASSERTIONS = NO;
				ENABLE_STRICT_OBJC_MSGSEND = YES;
				ENABLE_USER_SCRIPT_SANDBOXING = YES;
				GCC_C_LANGUAGE_STANDARD = gnu17;
				GCC_NO_COMMON_BLOCKS = YES;
				GCC_WARN_64_TO_32_BIT_CONVERSION = YES;
				GCC_WARN_ABOUT_RETURN_TYPE = YES_ERROR;
				GCC_WARN_UNDECLARED_SELECTOR = YES;
				GCC_WARN_UNINITIALIZED_AUTOS = YES_AGGRESSIVE;
				GCC_WARN_UNUSED_FUNCTION = YES;
				GCC_WARN_UNUSED_VARIABLE = YES;
				LOCALIZATION_PREFERS_STRING_CATALOGS = YES;
				MTL_ENABLE_DEBUG_INFO = NO;
				MTL_FAST_MATH = YES;
				SWIFT_COMPILATION_MODE = wholemodule;
			};
			name = Release;
		};
		843DA69D2D7157A8004B42AD /* Debug */ = {
			isa = XCBuildConfiguration;
			buildSettings = {
				ASSETCATALOG_COMPILER_APPICON_NAME = AppIcon;
				ASSETCATALOG_COMPILER_GLOBAL_ACCENT_COLOR_NAME = AccentColor;
				CODE_SIGN_ENTITLEMENTS = "ItzWiz Get Heart Rate Watch App/ItzWiz Get Heart Rate Watch App.entitlements";
				CODE_SIGN_STYLE = Automatic;
				CURRENT_PROJECT_VERSION = 1;
				DEVELOPMENT_ASSET_PATHS = "\"ItzWiz Get Heart Rate Watch App/Preview Content\"";
				DEVELOPMENT_TEAM = M3S4M8N5RZ;
				ENABLE_PREVIEWS = YES;
				GENERATE_INFOPLIST_FILE = YES;
				INFOPLIST_KEY_CFBundleDisplayName = "ItzWiz Get Heart Rate";
				INFOPLIST_KEY_NSHealthShareUsageDescription = "This app needs access to your heart rate data to display live workout information.";
				INFOPLIST_KEY_NSHealthUpdateUsageDescription = "This app needs to update your health data for workout tracking.";
				INFOPLIST_KEY_UISupportedInterfaceOrientations = "UIInterfaceOrientationPortrait UIInterfaceOrientationPortraitUpsideDown";
				INFOPLIST_KEY_WKCompanionAppBundleIdentifier = "itzwiz.com.ItzWiz-Get-Heart-Rate";
				LD_RUNPATH_SEARCH_PATHS = (
					"$(inherited)",
					"@executable_path/Frameworks",
				);
				MARKETING_VERSION = 1.0;
				PRODUCT_BUNDLE_IDENTIFIER = "itzwiz.com.ItzWiz-Get-Heart-Rate.watchkitapp";
				PRODUCT_NAME = "$(TARGET_NAME)";
				SDKROOT = watchos;
				SKIP_INSTALL = YES;
				SWIFT_EMIT_LOC_STRINGS = YES;
				SWIFT_VERSION = 5.0;
				TARGETED_DEVICE_FAMILY = 4;
				WATCHOS_DEPLOYMENT_TARGET = 11.2;
			};
			name = Debug;
		};
		843DA69E2D7157A8004B42AD /* Release */ = {
			isa = XCBuildConfiguration;
			buildSettings = {
				ASSETCATALOG_COMPILER_APPICON_NAME = AppIcon;
				ASSETCATALOG_COMPILER_GLOBAL_ACCENT_COLOR_NAME = AccentColor;
				CODE_SIGN_ENTITLEMENTS = "ItzWiz Get Heart Rate Watch App/ItzWiz Get Heart Rate Watch App.entitlements";
				CODE_SIGN_STYLE = Automatic;
				CURRENT_PROJECT_VERSION = 1;
				DEVELOPMENT_ASSET_PATHS = "\"ItzWiz Get Heart Rate Watch App/Preview Content\"";
				DEVELOPMENT_TEAM = M3S4M8N5RZ;
				ENABLE_PREVIEWS = YES;
				GENERATE_INFOPLIST_FILE = YES;
				INFOPLIST_KEY_CFBundleDisplayName = "ItzWiz Get Heart Rate";
				INFOPLIST_KEY_NSHealthShareUsageDescription = "This app needs access to your heart rate data to display live workout information.";
				INFOPLIST_KEY_NSHealthUpdateUsageDescription = "This app needs to update your health data for workout tracking.";
				INFOPLIST_KEY_UISupportedInterfaceOrientations = "UIInterfaceOrientationPortrait UIInterfaceOrientationPortraitUpsideDown";
				INFOPLIST_KEY_WKCompanionAppBundleIdentifier = "itzwiz.com.ItzWiz-Get-Heart-Rate";
				LD_RUNPATH_SEARCH_PATHS = (
					"$(inherited)",
					"@executable_path/Frameworks",
				);
				MARKETING_VERSION = 1.0;
				PRODUCT_BUNDLE_IDENTIFIER = "itzwiz.com.ItzWiz-Get-Heart-Rate.watchkitapp";
				PRODUCT_NAME = "$(TARGET_NAME)";
				SDKROOT = watchos;
				SKIP_INSTALL = YES;
				SWIFT_EMIT_LOC_STRINGS = YES;
				SWIFT_VERSION = 5.0;
				TARGETED_DEVICE_FAMILY = 4;
				VALIDATE_PRODUCT = YES;
				WATCHOS_DEPLOYMENT_TARGET = 11.2;
			};
			name = Release;
		};
		843DA6A12D7157A8004B42AD /* Debug */ = {
			isa = XCBuildConfiguration;
			buildSettings = {
				ASSETCATALOG_COMPILER_APPICON_NAME = AppIcon;
				ASSETCATALOG_COMPILER_GLOBAL_ACCENT_COLOR_NAME = AccentColor;
				ASSETCATALOG_COMPILER_INCLUDE_ALL_APPICON_ASSETS = NO;
				CODE_SIGN_ENTITLEMENTS = "ItzWiz Get Heart Rate/ItzWiz Get Heart Rate.entitlements";
				CODE_SIGN_STYLE = Automatic;
				CURRENT_PROJECT_VERSION = 1;
				DEVELOPMENT_ASSET_PATHS = "\"ItzWiz Get Heart Rate/Preview Content\"";
				DEVELOPMENT_TEAM = M3S4M8N5RZ;
				ENABLE_PREVIEWS = YES;
				GENERATE_INFOPLIST_FILE = YES;
				INFOPLIST_KEY_CFBundleDisplayName = "ItzWiz Get Heart Rate";
				INFOPLIST_KEY_UIApplicationSceneManifest_Generation = YES;
				INFOPLIST_KEY_UIApplicationSupportsIndirectInputEvents = YES;
				INFOPLIST_KEY_UILaunchScreen_Generation = YES;
				INFOPLIST_KEY_UISupportedInterfaceOrientations_iPad = "UIInterfaceOrientationPortrait UIInterfaceOrientationPortraitUpsideDown UIInterfaceOrientationLandscapeLeft UIInterfaceOrientationLandscapeRight";
				INFOPLIST_KEY_UISupportedInterfaceOrientations_iPhone = "UIInterfaceOrientationPortrait UIInterfaceOrientationLandscapeLeft UIInterfaceOrientationLandscapeRight";
				IPHONEOS_DEPLOYMENT_TARGET = 18.2;
				LD_RUNPATH_SEARCH_PATHS = (
					"$(inherited)",
					"@executable_path/Frameworks",
				);
				MARKETING_VERSION = 1.0;
				PRODUCT_BUNDLE_IDENTIFIER = "itzwiz.com.ItzWiz-Get-Heart-Rate";
				PRODUCT_NAME = "$(TARGET_NAME)";
				SDKROOT = iphoneos;
				SUPPORTED_PLATFORMS = "iphoneos iphonesimulator";
				SUPPORTS_MACCATALYST = NO;
				SUPPORTS_MAC_DESIGNED_FOR_IPHONE_IPAD = NO;
				SUPPORTS_XR_DESIGNED_FOR_IPHONE_IPAD = NO;
				SWIFT_EMIT_LOC_STRINGS = YES;
				SWIFT_VERSION = 5.0;
				TARGETED_DEVICE_FAMILY = "1,2";
			};
			name = Debug;
		};
		843DA6A22D7157A8004B42AD /* Release */ = {
			isa = XCBuildConfiguration;
			buildSettings = {
				ASSETCATALOG_COMPILER_APPICON_NAME = AppIcon;
				ASSETCATALOG_COMPILER_GLOBAL_ACCENT_COLOR_NAME = AccentColor;
				ASSETCATALOG_COMPILER_INCLUDE_ALL_APPICON_ASSETS = NO;
				CODE_SIGN_ENTITLEMENTS = "ItzWiz Get Heart Rate/ItzWiz Get Heart Rate.entitlements";
				CODE_SIGN_STYLE = Automatic;
				CURRENT_PROJECT_VERSION = 1;
				DEVELOPMENT_ASSET_PATHS = "\"ItzWiz Get Heart Rate/Preview Content\"";
				DEVELOPMENT_TEAM = M3S4M8N5RZ;
				ENABLE_PREVIEWS = YES;
				GENERATE_INFOPLIST_FILE = YES;
				INFOPLIST_KEY_CFBundleDisplayName = "ItzWiz Get Heart Rate";
				INFOPLIST_KEY_UIApplicationSceneManifest_Generation = YES;
				INFOPLIST_KEY_UIApplicationSupportsIndirectInputEvents = YES;
				INFOPLIST_KEY_UILaunchScreen_Generation = YES;
				INFOPLIST_KEY_UISupportedInterfaceOrientations_iPad = "UIInterfaceOrientationPortrait UIInterfaceOrientationPortraitUpsideDown UIInterfaceOrientationLandscapeLeft UIInterfaceOrientationLandscapeRight";
				INFOPLIST_KEY_UISupportedInterfaceOrientations_iPhone = "UIInterfaceOrientationPortrait UIInterfaceOrientationLandscapeLeft UIInterfaceOrientationLandscapeRight";
				IPHONEOS_DEPLOYMENT_TARGET = 18.2;
				LD_RUNPATH_SEARCH_PATHS = (
					"$(inherited)",
					"@executable_path/Frameworks",
				);
				MARKETING_VERSION = 1.0;
				PRODUCT_BUNDLE_IDENTIFIER = "itzwiz.com.ItzWiz-Get-Heart-Rate";
				PRODUCT_NAME = "$(TARGET_NAME)";
				SDKROOT = iphoneos;
				SUPPORTED_PLATFORMS = "iphoneos iphonesimulator";
				SUPPORTS_MACCATALYST = NO;
				SUPPORTS_MAC_DESIGNED_FOR_IPHONE_IPAD = NO;
				SUPPORTS_XR_DESIGNED_FOR_IPHONE_IPAD = NO;
				SWIFT_EMIT_LOC_STRINGS = YES;
				SWIFT_VERSION = 5.0;
				TARGETED_DEVICE_FAMILY = "1,2";
				VALIDATE_PRODUCT = YES;
			};
			name = Release;
		};
		843DA6A42D7157A8004B42AD /* Debug */ = {
			isa = XCBuildConfiguration;
			buildSettings = {
				BUNDLE_LOADER = "$(TEST_HOST)";
				CODE_SIGN_STYLE = Automatic;
				CURRENT_PROJECT_VERSION = 1;
				DEVELOPMENT_TEAM = M3S4M8N5RZ;
				GENERATE_INFOPLIST_FILE = YES;
				IPHONEOS_DEPLOYMENT_TARGET = 18.2;
				MARKETING_VERSION = 1.0;
				PRODUCT_BUNDLE_IDENTIFIER = "itzwiz.com.ItzWiz-Get-Heart-RateTests";
				PRODUCT_NAME = "$(TARGET_NAME)";
				SDKROOT = iphoneos;
				SUPPORTED_PLATFORMS = "iphoneos iphonesimulator";
				SUPPORTS_MACCATALYST = NO;
				SUPPORTS_MAC_DESIGNED_FOR_IPHONE_IPAD = NO;
				SUPPORTS_XR_DESIGNED_FOR_IPHONE_IPAD = NO;
				SWIFT_EMIT_LOC_STRINGS = NO;
				SWIFT_VERSION = 5.0;
				TARGETED_DEVICE_FAMILY = "1,2";
				TEST_HOST = "$(BUILT_PRODUCTS_DIR)/ItzWiz Get Heart Rate.app/$(BUNDLE_EXECUTABLE_FOLDER_PATH)/ItzWiz Get Heart Rate";
			};
			name = Debug;
		};
		843DA6A52D7157A8004B42AD /* Release */ = {
			isa = XCBuildConfiguration;
			buildSettings = {
				BUNDLE_LOADER = "$(TEST_HOST)";
				CODE_SIGN_STYLE = Automatic;
				CURRENT_PROJECT_VERSION = 1;
				DEVELOPMENT_TEAM = M3S4M8N5RZ;
				GENERATE_INFOPLIST_FILE = YES;
				IPHONEOS_DEPLOYMENT_TARGET = 18.2;
				MARKETING_VERSION = 1.0;
				PRODUCT_BUNDLE_IDENTIFIER = "itzwiz.com.ItzWiz-Get-Heart-RateTests";
				PRODUCT_NAME = "$(TARGET_NAME)";
				SDKROOT = iphoneos;
				SUPPORTED_PLATFORMS = "iphoneos iphonesimulator";
				SUPPORTS_MACCATALYST = NO;
				SUPPORTS_MAC_DESIGNED_FOR_IPHONE_IPAD = NO;
				SUPPORTS_XR_DESIGNED_FOR_IPHONE_IPAD = NO;
				SWIFT_EMIT_LOC_STRINGS = NO;
				SWIFT_VERSION = 5.0;
				TARGETED_DEVICE_FAMILY = "1,2";
				TEST_HOST = "$(BUILT_PRODUCTS_DIR)/ItzWiz Get Heart Rate.app/$(BUNDLE_EXECUTABLE_FOLDER_PATH)/ItzWiz Get Heart Rate";
				VALIDATE_PRODUCT = YES;
			};
			name = Release;
		};
		843DA6A72D7157A8004B42AD /* Debug */ = {
			isa = XCBuildConfiguration;
			buildSettings = {
				CODE_SIGN_STYLE = Automatic;
				CURRENT_PROJECT_VERSION = 1;
				DEVELOPMENT_TEAM = M3S4M8N5RZ;
				GENERATE_INFOPLIST_FILE = YES;
				IPHONEOS_DEPLOYMENT_TARGET = 18.2;
				MARKETING_VERSION = 1.0;
				PRODUCT_BUNDLE_IDENTIFIER = "itzwiz.com.ItzWiz-Get-Heart-RateUITests";
				PRODUCT_NAME = "$(TARGET_NAME)";
				SDKROOT = iphoneos;
				SUPPORTED_PLATFORMS = "iphoneos iphonesimulator";
				SUPPORTS_MACCATALYST = NO;
				SUPPORTS_MAC_DESIGNED_FOR_IPHONE_IPAD = NO;
				SUPPORTS_XR_DESIGNED_FOR_IPHONE_IPAD = NO;
				SWIFT_EMIT_LOC_STRINGS = NO;
				SWIFT_VERSION = 5.0;
				TARGETED_DEVICE_FAMILY = "1,2";
				TEST_TARGET_NAME = "ItzWiz Get Heart Rate";
			};
			name = Debug;
		};
		843DA6A82D7157A8004B42AD /* Release */ = {
			isa = XCBuildConfiguration;
			buildSettings = {
				CODE_SIGN_STYLE = Automatic;
				CURRENT_PROJECT_VERSION = 1;
				DEVELOPMENT_TEAM = M3S4M8N5RZ;
				GENERATE_INFOPLIST_FILE = YES;
				IPHONEOS_DEPLOYMENT_TARGET = 18.2;
				MARKETING_VERSION = 1.0;
				PRODUCT_BUNDLE_IDENTIFIER = "itzwiz.com.ItzWiz-Get-Heart-RateUITests";
				PRODUCT_NAME = "$(TARGET_NAME)";
				SDKROOT = iphoneos;
				SUPPORTED_PLATFORMS = "iphoneos iphonesimulator";
				SUPPORTS_MACCATALYST = NO;
				SUPPORTS_MAC_DESIGNED_FOR_IPHONE_IPAD = NO;
				SUPPORTS_XR_DESIGNED_FOR_IPHONE_IPAD = NO;
				SWIFT_EMIT_LOC_STRINGS = NO;
				SWIFT_VERSION = 5.0;
				TARGETED_DEVICE_FAMILY = "1,2";
				TEST_TARGET_NAME = "ItzWiz Get Heart Rate";
				VALIDATE_PRODUCT = YES;
			};
			name = Release;
		};
		843DA6AA2D7157A8004B42AD /* Debug */ = {
			isa = XCBuildConfiguration;
			buildSettings = {
				BUNDLE_LOADER = "$(TEST_HOST)";
				CODE_SIGN_STYLE = Automatic;
				CURRENT_PROJECT_VERSION = 1;
				DEVELOPMENT_TEAM = M3S4M8N5RZ;
				GENERATE_INFOPLIST_FILE = YES;
				MARKETING_VERSION = 1.0;
				PRODUCT_BUNDLE_IDENTIFIER = "itzwiz.com.ItzWiz-Get-Heart-Rate-Watch-AppTests";
				PRODUCT_NAME = "$(TARGET_NAME)";
				SDKROOT = watchos;
				SWIFT_EMIT_LOC_STRINGS = NO;
				SWIFT_VERSION = 5.0;
				TARGETED_DEVICE_FAMILY = 4;
				TEST_HOST = "$(BUILT_PRODUCTS_DIR)/ItzWiz Get Heart Rate Watch App.app/$(BUNDLE_EXECUTABLE_FOLDER_PATH)/ItzWiz Get Heart Rate Watch App";
				WATCHOS_DEPLOYMENT_TARGET = 11.2;
			};
			name = Debug;
		};
		843DA6AB2D7157A8004B42AD /* Release */ = {
			isa = XCBuildConfiguration;
			buildSettings = {
				BUNDLE_LOADER = "$(TEST_HOST)";
				CODE_SIGN_STYLE = Automatic;
				CURRENT_PROJECT_VERSION = 1;
				DEVELOPMENT_TEAM = M3S4M8N5RZ;
				GENERATE_INFOPLIST_FILE = YES;
				MARKETING_VERSION = 1.0;
				PRODUCT_BUNDLE_IDENTIFIER = "itzwiz.com.ItzWiz-Get-Heart-Rate-Watch-AppTests";
				PRODUCT_NAME = "$(TARGET_NAME)";
				SDKROOT = watchos;
				SWIFT_EMIT_LOC_STRINGS = NO;
				SWIFT_VERSION = 5.0;
				TARGETED_DEVICE_FAMILY = 4;
				TEST_HOST = "$(BUILT_PRODUCTS_DIR)/ItzWiz Get Heart Rate Watch App.app/$(BUNDLE_EXECUTABLE_FOLDER_PATH)/ItzWiz Get Heart Rate Watch App";
				VALIDATE_PRODUCT = YES;
				WATCHOS_DEPLOYMENT_TARGET = 11.2;
			};
			name = Release;
		};
		843DA6AD2D7157A8004B42AD /* Debug */ = {
			isa = XCBuildConfiguration;
			buildSettings = {
				CODE_SIGN_STYLE = Automatic;
				CURRENT_PROJECT_VERSION = 1;
				DEVELOPMENT_TEAM = M3S4M8N5RZ;
				GENERATE_INFOPLIST_FILE = YES;
				MARKETING_VERSION = 1.0;
				PRODUCT_BUNDLE_IDENTIFIER = "itzwiz.com.ItzWiz-Get-Heart-Rate-Watch-AppUITests";
				PRODUCT_NAME = "$(TARGET_NAME)";
				SDKROOT = watchos;
				SWIFT_EMIT_LOC_STRINGS = NO;
				SWIFT_VERSION = 5.0;
				TARGETED_DEVICE_FAMILY = 4;
				TEST_TARGET_NAME = "ItzWiz Get Heart Rate Watch App";
				WATCHOS_DEPLOYMENT_TARGET = 11.2;
			};
			name = Debug;
		};
		843DA6AE2D7157A8004B42AD /* Release */ = {
			isa = XCBuildConfiguration;
			buildSettings = {
				CODE_SIGN_STYLE = Automatic;
				CURRENT_PROJECT_VERSION = 1;
				DEVELOPMENT_TEAM = M3S4M8N5RZ;
				GENERATE_INFOPLIST_FILE = YES;
				MARKETING_VERSION = 1.0;
				PRODUCT_BUNDLE_IDENTIFIER = "itzwiz.com.ItzWiz-Get-Heart-Rate-Watch-AppUITests";
				PRODUCT_NAME = "$(TARGET_NAME)";
				SDKROOT = watchos;
				SWIFT_EMIT_LOC_STRINGS = NO;
				SWIFT_VERSION = 5.0;
				TARGETED_DEVICE_FAMILY = 4;
				TEST_TARGET_NAME = "ItzWiz Get Heart Rate Watch App";
				VALIDATE_PRODUCT = YES;
				WATCHOS_DEPLOYMENT_TARGET = 11.2;
			};
			name = Release;
		};
/* End XCBuildConfiguration section */

/* Begin XCConfigurationList section */
		843DA64B2D7157A4004B42AD /* Build configuration list for PBXProject "ItzWiz Get Heart Rate" */ = {
			isa = XCConfigurationList;
			buildConfigurations = (
				843DA69A2D7157A8004B42AD /* Debug */,
				843DA69B2D7157A8004B42AD /* Release */,
			);
			defaultConfigurationIsVisible = 0;
			defaultConfigurationName = Release;
		};
		843DA69C2D7157A8004B42AD /* Build configuration list for PBXNativeTarget "ItzWiz Get Heart Rate Watch App" */ = {
			isa = XCConfigurationList;
			buildConfigurations = (
				843DA69D2D7157A8004B42AD /* Debug */,
				843DA69E2D7157A8004B42AD /* Release */,
			);
			defaultConfigurationIsVisible = 0;
			defaultConfigurationName = Release;
		};
		843DA6A02D7157A8004B42AD /* Build configuration list for PBXNativeTarget "ItzWiz Get Heart Rate" */ = {
			isa = XCConfigurationList;
			buildConfigurations = (
				843DA6A12D7157A8004B42AD /* Debug */,
				843DA6A22D7157A8004B42AD /* Release */,
			);
			defaultConfigurationIsVisible = 0;
			defaultConfigurationName = Release;
		};
		843DA6A32D7157A8004B42AD /* Build configuration list for PBXNativeTarget "ItzWiz Get Heart RateTests" */ = {
			isa = XCConfigurationList;
			buildConfigurations = (
				843DA6A42D7157A8004B42AD /* Debug */,
				843DA6A52D7157A8004B42AD /* Release */,
			);
			defaultConfigurationIsVisible = 0;
			defaultConfigurationName = Release;
		};
		843DA6A62D7157A8004B42AD /* Build configuration list for PBXNativeTarget "ItzWiz Get Heart RateUITests" */ = {
			isa = XCConfigurationList;
			buildConfigurations = (
				843DA6A72D7157A8004B42AD /* Debug */,
				843DA6A82D7157A8004B42AD /* Release */,
			);
			defaultConfigurationIsVisible = 0;
			defaultConfigurationName = Release;
		};
		843DA6A92D7157A8004B42AD /* Build configuration list for PBXNativeTarget "ItzWiz Get Heart Rate Watch AppTests" */ = {
			isa = XCConfigurationList;
			buildConfigurations = (
				843DA6AA2D7157A8004B42AD /* Debug */,
				843DA6AB2D7157A8004B42AD /* Release */,
			);
			defaultConfigurationIsVisible = 0;
			defaultConfigurationName = Release;
		};
		843DA6AC2D7157A8004B42AD /* Build configuration list for PBXNativeTarget "ItzWiz Get Heart Rate Watch AppUITests" */ = {
			isa = XCConfigurationList;
			buildConfigurations = (
				843DA6AD2D7157A8004B42AD /* Debug */,
				843DA6AE2D7157A8004B42AD /* Release */,
			);
			defaultConfigurationIsVisible = 0;
			defaultConfigurationName = Release;
		};
/* End XCConfigurationList section */
	};
	rootObject = 843DA6482D7157A4004B42AD /* Project object */;
}
